{"_meta":{"file-type":"spack-lockfile","lockfile-version":5,"specfile-version":4},"spack":{"version":"0.23.0","type":"git","commit":"f1be10018764d95382abcd2adee0d3756c298ac1"},"roots":[{"hash":"rg66bwsoez5326ebonaniff7ldtzf2dj","spec":"hdf5@1.14.5"}],"concrete_specs":{"rg66bwsoez5326ebonaniff7ldtzf2dj":{"name":"hdf5","version":"1.14.5","arch":{"platform":"linux","platform_os":"sles15","target":{"name":"zen2","vendor":"AuthenticAMD","features":["abm","aes","avx","avx2","bmi1","bmi2","clflushopt","clwb","clzero","cx16","f16c","fma","fsgsbase","mmx","movbe","pclmulqdq","popcnt","rdseed","sse","sse2","sse4_1","sse4_2","sse4a","ssse3","xsavec","xsaveopt"],"generation":0,"parents":["zen"],"cpupart":""}},"compiler":{"name":"oneapi","version":"2024.2.1"},"namespace":"builtin","parameters":{"api":"default","build_system":"cmake","build_type":"Release","cxx":false,"fortran":true,"generator":"make","hl":true,"ipo":false,"java":false,"map":false,"mpi":true,"shared":true,"subfiling":false,"szip":false,"threadsafe":true,"tools":true,"cflags":["--gcc-toolchain=/opt/cray/pe/gcc/12.1.0/snos/"],"cppflags":[],"cxxflags":["--gcc-toolchain=/opt/cray/pe/gcc/12.1.0/snos/"],"fflags":["-gcc-name=/opt/cray/pe/gcc/12.1.0/snos/bin/gcc","-gxx-name=/opt/cray/pe/gcc/12.1.0/snos/bin/g++"],"ldflags":[],"ldlibs":[]},"package_hash":"cs357tsl2iwwpbhoh2n7qlxjsgescswnmqcn4utgzztkcivne4va====","dependencies":[{"name":"cmake","hash":"m34clqgqxsviexkympxzfnl7d6n3k6es","parameters":{"deptypes":["build"],"virtuals":[]}},{"name":"cray-mpich","hash":"xhbciaum2pesicowitjg2kp5m73xwq7z","parameters":{"deptypes":["build","link"],"virtuals":["mpi"]}},{"name":"glibc","hash":"yz65lqo47r4ajbqbkhqdxnncfmq4gkmx","parameters":{"deptypes":["link"],"virtuals":["libc"]}},{"name":"gmake","hash":"6hpj7pjo4sieddk42osn4fqpknm2fjfc","parameters":{"deptypes":["build"],"virtuals":[]}},{"name":"intel-oneapi-runtime","hash":"4wub53nkq3lfy3qaqwmq6czuozvzf4if","parameters":{"deptypes":["link"],"virtuals":["fortran-rt","libifcore"]}},{"name":"pkg-config","hash":"ey3qbgfbs5gjw5oserinykp2bkjmokqn","parameters":{"deptypes":["run"],"virtuals":["pkgconfig"]}},{"name":"zlib-ng","hash":"x62qaua72gilkvwpolw5azexpkew7vnk","parameters":{"deptypes":["build","link"],"virtuals":["zlib-api"]}}],"hash":"rg66bwsoez5326ebonaniff7ldtzf2dj"},"m34clqgqxsviexkympxzfnl7d6n3k6es":{"name":"cmake","version":"3.27.9","arch":{"platform":"linux","platform_os":"sles15","target":{"name":"zen2","vendor":"AuthenticAMD","features":["abm","aes","avx","avx2","bmi1","bmi2","clflushopt","clwb","clzero","cx16","f16c","fma","fsgsbase","mmx","movbe","pclmulqdq","popcnt","rdseed","sse","sse2","sse4_1","sse4_2","sse4a","ssse3","xsavec","xsaveopt"],"generation":0,"parents":["zen"],"cpupart":""}},"compiler":{"name":"gcc","version":"12.1.0"},"namespace":"builtin","parameters":{"build_system":"generic","build_type":"Release","doc":false,"ncurses":true,"ownlibs":true,"patches":["dbc3892939348c71f35973dd30e74c4a84bc7a2446c6930523c9723b88a597d1"],"qtgui":false,"cflags":[],"cppflags":[],"cxxflags":[],"fflags":[],"ldflags":[],"ldlibs":[]},"patches":["dbc3892939348c71f35973dd30e74c4a84bc7a2446c6930523c9723b88a597d1"],"package_hash":"sdmuoyeyvsr4pefwkzxjwvh5oinhn5uj73rmowebhze6n6svk37a====","dependencies":[{"name":"curl","hash":"kv6skx4tab557eoizdz2ralcftru6qj3","parameters":{"deptypes":["build","link"],"virtuals":[]}},{"name":"gcc-runtime","hash":"yppzy6g3s35x7qmueckpe5xi4hsjhhmm","parameters":{"deptypes":["link"],"virtuals":[]}},{"name":"glibc","hash":"yz65lqo47r4ajbqbkhqdxnncfmq4gkmx","parameters":{"deptypes":["link"],"virtuals":["libc"]}},{"name":"gmake","hash":"6hpj7pjo4sieddk42osn4fqpknm2fjfc","parameters":{"deptypes":["build","link"],"virtuals":[]}},{"name":"ncurses","hash":"ml7teorywsvs5xfqucepoum75utzjw67","parameters":{"deptypes":["build","link"],"virtuals":[]}},{"name":"zlib-ng","hash":"x62qaua72gilkvwpolw5azexpkew7vnk","parameters":{"deptypes":["build","link"],"virtuals":["zlib-api"]}}],"hash":"m34clqgqxsviexkympxzfnl7d6n3k6es"},"kv6skx4tab557eoizdz2ralcftru6qj3":{"name":"curl","version":"8.10.1","arch":{"platform":"linux","platform_os":"sles15","target":{"name":"zen2","vendor":"AuthenticAMD","features":["abm","aes","avx","avx2","bmi1","bmi2","clflushopt","clwb","clzero","cx16","f16c","fma","fsgsbase","mmx","movbe","pclmulqdq","popcnt","rdseed","sse","sse2","sse4_1","sse4_2","sse4a","ssse3","xsavec","xsaveopt"],"generation":0,"parents":["zen"],"cpupart":""}},"compiler":{"name":"oneapi","version":"2024.2.1"},"namespace":"builtin","parameters":{"build_system":"autotools","gssapi":false,"ldap":false,"libidn2":false,"librtmp":false,"libs":["shared","static"],"libssh":false,"libssh2":false,"nghttp2":false,"tls":["openssl"],"cflags":["--gcc-toolchain=/opt/cray/pe/gcc/12.1.0/snos/"],"cppflags":[],"cxxflags":["--gcc-toolchain=/opt/cray/pe/gcc/12.1.0/snos/"],"fflags":["-gcc-name=/opt/cray/pe/gcc/12.1.0/snos/bin/gcc","-gxx-name=/opt/cray/pe/gcc/12.1.0/snos/bin/g++"],"ldflags":[],"ldlibs":[]},"package_hash":"bo2lvji7kvjtjkrdiznimaqf5sp4gi77hsyn2f34dztogfovmdya====","dependencies":[{"name":"glibc","hash":"yz65lqo47r4ajbqbkhqdxnncfmq4gkmx","parameters":{"deptypes":["link"],"virtuals":["libc"]}},{"name":"gmake","hash":"6hpj7pjo4sieddk42osn4fqpknm2fjfc","parameters":{"deptypes":["build"],"virtuals":[]}},{"name":"intel-oneapi-runtime","hash":"4wub53nkq3lfy3qaqwmq6czuozvzf4if","parameters":{"deptypes":["link"],"virtuals":[]}},{"name":"openssl","hash":"wczpnalupqjvxo3rj4nqabrm6qtcatxq","parameters":{"deptypes":["build","link"],"virtuals":[]}},{"name":"pkg-config","hash":"ey3qbgfbs5gjw5oserinykp2bkjmokqn","parameters":{"deptypes":["build"],"virtuals":["pkgconfig"]}},{"name":"zlib-ng","hash":"x62qaua72gilkvwpolw5azexpkew7vnk","parameters":{"deptypes":["build","link"],"virtuals":["zlib-api"]}}],"hash":"kv6skx4tab557eoizdz2ralcftru6qj3"},"yz65lqo47r4ajbqbkhqdxnncfmq4gkmx":{"name":"glibc","version":"2.31","arch":{"platform":"linux","platform_os":"sles15","target":{"name":"zen2","vendor":"AuthenticAMD","features":["abm","aes","avx","avx2","bmi1","bmi2","clflushopt","clwb","clzero","cx16","f16c","fma","fsgsbase","mmx","movbe","pclmulqdq","popcnt","rdseed","sse","sse2","sse4_1","sse4_2","sse4a","ssse3","xsavec","xsaveopt"],"generation":0,"parents":["zen"],"cpupart":""}},"compiler":{"name":"oneapi","version":"2024.2.1"},"namespace":"builtin","parameters":{"build_system":"autotools","cflags":["--gcc-toolchain=/opt/cray/pe/gcc/12.1.0/snos/"],"cppflags":[],"cxxflags":["--gcc-toolchain=/opt/cray/pe/gcc/12.1.0/snos/"],"fflags":["-gcc-name=/opt/cray/pe/gcc/12.1.0/snos/bin/gcc","-gxx-name=/opt/cray/pe/gcc/12.1.0/snos/bin/g++"],"ldflags":[],"ldlibs":[]},"external":{"path":"/usr","module":null,"extra_attributes":{}},"package_hash":"bod3puleosjduananfjikhxexoxg5ubrb6m4iqshgmy7bvcjnpdq====","hash":"yz65lqo47r4ajbqbkhqdxnncfmq4gkmx"},"6hpj7pjo4sieddk42osn4fqpknm2fjfc":{"name":"gmake","version":"4.4.1","arch":{"platform":"linux","platform_os":"sles15","target":{"name":"zen2","vendor":"AuthenticAMD","features":["abm","aes","avx","avx2","bmi1","bmi2","clflushopt","clwb","clzero","cx16","f16c","fma","fsgsbase","mmx","movbe","pclmulqdq","popcnt","rdseed","sse","sse2","sse4_1","sse4_2","sse4a","ssse3","xsavec","xsaveopt"],"generation":0,"parents":["zen"],"cpupart":""}},"compiler":{"name":"gcc","version":"12.1.0"},"namespace":"builtin","parameters":{"build_system":"generic","guile":false,"cflags":[],"cppflags":[],"cxxflags":[],"fflags":[],"ldflags":[],"ldlibs":[]},"package_hash":"rpzjfobv7qh3wevti34nlbd2emtw5mnyszqmkyiq5jiq33xm7qzq====","dependencies":[{"name":"gcc-runtime","hash":"yppzy6g3s35x7qmueckpe5xi4hsjhhmm","parameters":{"deptypes":["link"],"virtuals":[]}},{"name":"glibc","hash":"yz65lqo47r4ajbqbkhqdxnncfmq4gkmx","parameters":{"deptypes":["link"],"virtuals":["libc"]}}],"hash":"6hpj7pjo4sieddk42osn4fqpknm2fjfc"},"yppzy6g3s35x7qmueckpe5xi4hsjhhmm":{"name":"gcc-runtime","version":"12.1.0","arch":{"platform":"linux","platform_os":"sles15","target":{"name":"zen2","vendor":"AuthenticAMD","features":["abm","aes","avx","avx2","bmi1","bmi2","clflushopt","clwb","clzero","cx16","f16c","fma","fsgsbase","mmx","movbe","pclmulqdq","popcnt","rdseed","sse","sse2","sse4_1","sse4_2","sse4a","ssse3","xsavec","xsaveopt"],"generation":0,"parents":["zen"],"cpupart":""}},"compiler":{"name":"gcc","version":"12.1.0"},"namespace":"builtin","parameters":{"build_system":"generic","cflags":[],"cppflags":[],"cxxflags":[],"fflags":[],"ldflags":[],"ldlibs":[]},"package_hash":"se7e7lu5ega7wrxwwnhpwjp2fsl4u277hopdz2lw7bwhatp22soq====","dependencies":[{"name":"glibc","hash":"yz65lqo47r4ajbqbkhqdxnncfmq4gkmx","parameters":{"deptypes":["link"],"virtuals":["libc"]}}],"hash":"yppzy6g3s35x7qmueckpe5xi4hsjhhmm"},"4wub53nkq3lfy3qaqwmq6czuozvzf4if":{"name":"intel-oneapi-runtime","version":"2024.2.1","arch":{"platform":"linux","platform_os":"sles15","target":{"name":"zen2","vendor":"AuthenticAMD","features":["abm","aes","avx","avx2","bmi1","bmi2","clflushopt","clwb","clzero","cx16","f16c","fma","fsgsbase","mmx","movbe","pclmulqdq","popcnt","rdseed","sse","sse2","sse4_1","sse4_2","sse4a","ssse3","xsavec","xsaveopt"],"generation":0,"parents":["zen"],"cpupart":""}},"compiler":{"name":"oneapi","version":"2024.2.1"},"namespace":"builtin","parameters":{"build_system":"generic","cflags":["--gcc-toolchain=/opt/cray/pe/gcc/12.1.0/snos/"],"cppflags":[],"cxxflags":["--gcc-toolchain=/opt/cray/pe/gcc/12.1.0/snos/"],"fflags":["-gcc-name=/opt/cray/pe/gcc/12.1.0/snos/bin/gcc","-gxx-name=/opt/cray/pe/gcc/12.1.0/snos/bin/g++"],"ldflags":[],"ldlibs":[]},"package_hash":"j3ol2ln376wv3dmulv7ryxlfruke7bnlnx4wrim3uawi7fpcmqmq====","dependencies":[{"name":"gcc-runtime","hash":"yppzy6g3s35x7qmueckpe5xi4hsjhhmm","parameters":{"deptypes":["link"],"virtuals":[]}},{"name":"glibc","hash":"yz65lqo47r4ajbqbkhqdxnncfmq4gkmx","parameters":{"deptypes":["link"],"virtuals":["libc"]}}],"hash":"4wub53nkq3lfy3qaqwmq6czuozvzf4if"},"wczpnalupqjvxo3rj4nqabrm6qtcatxq":{"name":"openssl","version":"3.4.0","arch":{"platform":"linux","platform_os":"sles15","target":{"name":"zen2","vendor":"AuthenticAMD","features":["abm","aes","avx","avx2","bmi1","bmi2","clflushopt","clwb","clzero","cx16","f16c","fma","fsgsbase","mmx","movbe","pclmulqdq","popcnt","rdseed","sse","sse2","sse4_1","sse4_2","sse4a","ssse3","xsavec","xsaveopt"],"generation":0,"parents":["zen"],"cpupart":""}},"compiler":{"name":"oneapi","version":"2024.2.1"},"namespace":"builtin","parameters":{"build_system":"generic","certs":"mozilla","docs":false,"shared":true,"cflags":["--gcc-toolchain=/opt/cray/pe/gcc/12.1.0/snos/"],"cppflags":[],"cxxflags":["--gcc-toolchain=/opt/cray/pe/gcc/12.1.0/snos/"],"fflags":["-gcc-name=/opt/cray/pe/gcc/12.1.0/snos/bin/gcc","-gxx-name=/opt/cray/pe/gcc/12.1.0/snos/bin/g++"],"ldflags":[],"ldlibs":[]},"package_hash":"4wvg5excvcdz7cmz3bfr2l7tc6bs6ccmnk6qpx6nx762srqssjhq====","dependencies":[{"name":"ca-certificates-mozilla","hash":"d2rjqnn3ek6tf422ufgox6kvb3ym6zer","parameters":{"deptypes":["build"],"virtuals":[]}},{"name":"glibc","hash":"yz65lqo47r4ajbqbkhqdxnncfmq4gkmx","parameters":{"deptypes":["link"],"virtuals":["libc"]}},{"name":"gmake","hash":"6hpj7pjo4sieddk42osn4fqpknm2fjfc","parameters":{"deptypes":["build"],"virtuals":[]}},{"name":"intel-oneapi-runtime","hash":"4wub53nkq3lfy3qaqwmq6czuozvzf4if","parameters":{"deptypes":["link"],"virtuals":[]}},{"name":"perl","hash":"gxfn53f5lao7ygcb5t4tdenqerugalzu","parameters":{"deptypes":["build"],"virtuals":[]}},{"name":"zlib-ng","hash":"x62qaua72gilkvwpolw5azexpkew7vnk","parameters":{"deptypes":["build","link"],"virtuals":["zlib-api"]}}],"hash":"wczpnalupqjvxo3rj4nqabrm6qtcatxq"},"d2rjqnn3ek6tf422ufgox6kvb3ym6zer":{"name":"ca-certificates-mozilla","version":"2023-05-30","arch":{"platform":"linux","platform_os":"sles15","target":{"name":"zen2","vendor":"AuthenticAMD","features":["abm","aes","avx","avx2","bmi1","bmi2","clflushopt","clwb","clzero","cx16","f16c","fma","fsgsbase","mmx","movbe","pclmulqdq","popcnt","rdseed","sse","sse2","sse4_1","sse4_2","sse4a","ssse3","xsavec","xsaveopt"],"generation":0,"parents":["zen"],"cpupart":""}},"compiler":{"name":"oneapi","version":"2024.2.1"},"namespace":"builtin","parameters":{"build_system":"generic","cflags":["--gcc-toolchain=/opt/cray/pe/gcc/12.1.0/snos/"],"cppflags":[],"cxxflags":["--gcc-toolchain=/opt/cray/pe/gcc/12.1.0/snos/"],"fflags":["-gcc-name=/opt/cray/pe/gcc/12.1.0/snos/bin/gcc","-gxx-name=/opt/cray/pe/gcc/12.1.0/snos/bin/g++"],"ldflags":[],"ldlibs":[]},"package_hash":"63npvwqwo2x7i6emvnklh4mhcn45gx2qzveorybh5h2inwr55sea====","dependencies":[{"name":"glibc","hash":"yz65lqo47r4ajbqbkhqdxnncfmq4gkmx","parameters":{"deptypes":["link"],"virtuals":["libc"]}},{"name":"intel-oneapi-runtime","hash":"4wub53nkq3lfy3qaqwmq6czuozvzf4if","parameters":{"deptypes":["link"],"virtuals":[]}}],"hash":"d2rjqnn3ek6tf422ufgox6kvb3ym6zer"},"gxfn53f5lao7ygcb5t4tdenqerugalzu":{"name":"perl","version":"5.40.0","arch":{"platform":"linux","platform_os":"sles15","target":{"name":"zen2","vendor":"AuthenticAMD","features":["abm","aes","avx","avx2","bmi1","bmi2","clflushopt","clwb","clzero","cx16","f16c","fma","fsgsbase","mmx","movbe","pclmulqdq","popcnt","rdseed","sse","sse2","sse4_1","sse4_2","sse4a","ssse3","xsavec","xsaveopt"],"generation":0,"parents":["zen"],"cpupart":""}},"compiler":{"name":"oneapi","version":"2024.2.1"},"namespace":"builtin","parameters":{"build_system":"generic","cpanm":true,"opcode":true,"open":true,"shared":true,"threads":true,"cflags":["--gcc-toolchain=/opt/cray/pe/gcc/12.1.0/snos/"],"cppflags":[],"cxxflags":["--gcc-toolchain=/opt/cray/pe/gcc/12.1.0/snos/"],"fflags":["-gcc-name=/opt/cray/pe/gcc/12.1.0/snos/bin/gcc","-gxx-name=/opt/cray/pe/gcc/12.1.0/snos/bin/g++"],"ldflags":[],"ldlibs":[]},"package_hash":"h7mw25le4mi6fmpwahheo6riiecora57dw74mqdyjvu65qstiiea====","dependencies":[{"name":"berkeley-db","hash":"e5yu4mgehdlppfzxgza3fs25cm7ipfgm","parameters":{"deptypes":["build","link"],"virtuals":[]}},{"name":"bzip2","hash":"kljo7wps3y4i7zb36zfu47m2genkq3hz","parameters":{"deptypes":["build","link"],"virtuals":[]}},{"name":"gdbm","hash":"7yhr4go3hhel4vum4uerfenjudbl4nlu","parameters":{"deptypes":["build","link"],"virtuals":[]}},{"name":"glibc","hash":"yz65lqo47r4ajbqbkhqdxnncfmq4gkmx","parameters":{"deptypes":["link"],"virtuals":["libc"]}},{"name":"gmake","hash":"6hpj7pjo4sieddk42osn4fqpknm2fjfc","parameters":{"deptypes":["build"],"virtuals":[]}},{"name":"intel-oneapi-runtime","hash":"4wub53nkq3lfy3qaqwmq6czuozvzf4if","parameters":{"deptypes":["link"],"virtuals":[]}},{"name":"zlib-ng","hash":"x62qaua72gilkvwpolw5azexpkew7vnk","parameters":{"deptypes":["build","link"],"virtuals":["zlib-api"]}}],"hash":"gxfn53f5lao7ygcb5t4tdenqerugalzu"},"e5yu4mgehdlppfzxgza3fs25cm7ipfgm":{"name":"berkeley-db","version":"18.1.40","arch":{"platform":"linux","platform_os":"sles15","target":{"name":"zen2","vendor":"AuthenticAMD","features":["abm","aes","avx","avx2","bmi1","bmi2","clflushopt","clwb","clzero","cx16","f16c","fma","fsgsbase","mmx","movbe","pclmulqdq","popcnt","rdseed","sse","sse2","sse4_1","sse4_2","sse4a","ssse3","xsavec","xsaveopt"],"generation":0,"parents":["zen"],"cpupart":""}},"compiler":{"name":"oneapi","version":"2024.2.1"},"namespace":"builtin","parameters":{"build_system":"autotools","cxx":true,"docs":false,"patches":["26090f418891757af46ac3b89a9f43d6eb5989f7a3dce3d1cfc99fba547203b3","b231fcc4d5cff05e5c3a4814f6a5af0e9a966428dc2176540d2c05aff41de522"],"stl":true,"cflags":["--gcc-toolchain=/opt/cray/pe/gcc/12.1.0/snos/"],"cppflags":[],"cxxflags":["--gcc-toolchain=/opt/cray/pe/gcc/12.1.0/snos/"],"fflags":["-gcc-name=/opt/cray/pe/gcc/12.1.0/snos/bin/gcc","-gxx-name=/opt/cray/pe/gcc/12.1.0/snos/bin/g++"],"ldflags":[],"ldlibs":[]},"patches":["b231fcc4d5cff05e5c3a4814f6a5af0e9a966428dc2176540d2c05aff41de522","26090f418891757af46ac3b89a9f43d6eb5989f7a3dce3d1cfc99fba547203b3"],"package_hash":"h57ydfn33zevvzctzzioiiwjwe362izbbwncb6a26dfeno4y7tda====","dependencies":[{"name":"glibc","hash":"yz65lqo47r4ajbqbkhqdxnncfmq4gkmx","parameters":{"deptypes":["link"],"virtuals":["libc"]}},{"name":"gmake","hash":"6hpj7pjo4sieddk42osn4fqpknm2fjfc","parameters":{"deptypes":["build"],"virtuals":[]}},{"name":"intel-oneapi-runtime","hash":"4wub53nkq3lfy3qaqwmq6czuozvzf4if","parameters":{"deptypes":["link"],"virtuals":[]}}],"hash":"e5yu4mgehdlppfzxgza3fs25cm7ipfgm"},"kljo7wps3y4i7zb36zfu47m2genkq3hz":{"name":"bzip2","version":"1.0.8","arch":{"platform":"linux","platform_os":"sles15","target":{"name":"zen2","vendor":"AuthenticAMD","features":["abm","aes","avx","avx2","bmi1","bmi2","clflushopt","clwb","clzero","cx16","f16c","fma","fsgsbase","mmx","movbe","pclmulqdq","popcnt","rdseed","sse","sse2","sse4_1","sse4_2","sse4a","ssse3","xsavec","xsaveopt"],"generation":0,"parents":["zen"],"cpupart":""}},"compiler":{"name":"oneapi","version":"2024.2.1"},"namespace":"builtin","parameters":{"build_system":"generic","debug":false,"pic":false,"shared":true,"cflags":["--gcc-toolchain=/opt/cray/pe/gcc/12.1.0/snos/"],"cppflags":[],"cxxflags":["--gcc-toolchain=/opt/cray/pe/gcc/12.1.0/snos/"],"fflags":["-gcc-name=/opt/cray/pe/gcc/12.1.0/snos/bin/gcc","-gxx-name=/opt/cray/pe/gcc/12.1.0/snos/bin/g++"],"ldflags":[],"ldlibs":[]},"package_hash":"eix6oci5mx4qmup2kll3rhau7sk32nsiioqqm3fxn7mhyoab2vna====","dependencies":[{"name":"diffutils","hash":"mma3cjpisljtfacpza3yqiv3tqvahtzm","parameters":{"deptypes":["build"],"virtuals":[]}},{"name":"glibc","hash":"yz65lqo47r4ajbqbkhqdxnncfmq4gkmx","parameters":{"deptypes":["link"],"virtuals":["libc"]}},{"name":"gmake","hash":"6hpj7pjo4sieddk42osn4fqpknm2fjfc","parameters":{"deptypes":["build"],"virtuals":[]}},{"name":"intel-oneapi-runtime","hash":"4wub53nkq3lfy3qaqwmq6czuozvzf4if","parameters":{"deptypes":["link"],"virtuals":[]}}],"hash":"kljo7wps3y4i7zb36zfu47m2genkq3hz"},"mma3cjpisljtfacpza3yqiv3tqvahtzm":{"name":"diffutils","version":"3.10","arch":{"platform":"linux","platform_os":"sles15","target":{"name":"zen2","vendor":"AuthenticAMD","features":["abm","aes","avx","avx2","bmi1","bmi2","clflushopt","clwb","clzero","cx16","f16c","fma","fsgsbase","mmx","movbe","pclmulqdq","popcnt","rdseed","sse","sse2","sse4_1","sse4_2","sse4a","ssse3","xsavec","xsaveopt"],"generation":0,"parents":["zen"],"cpupart":""}},"compiler":{"name":"oneapi","version":"2024.2.1"},"namespace":"builtin","parameters":{"build_system":"autotools","cflags":["--gcc-toolchain=/opt/cray/pe/gcc/12.1.0/snos/"],"cppflags":[],"cxxflags":["--gcc-toolchain=/opt/cray/pe/gcc/12.1.0/snos/"],"fflags":["-gcc-name=/opt/cray/pe/gcc/12.1.0/snos/bin/gcc","-gxx-name=/opt/cray/pe/gcc/12.1.0/snos/bin/g++"],"ldflags":[],"ldlibs":[]},"package_hash":"kbmzdy7mgklc24qx55cvx7kq7hceby2yav4fnf64gfdo7epdghwa====","dependencies":[{"name":"glibc","hash":"yz65lqo47r4ajbqbkhqdxnncfmq4gkmx","parameters":{"deptypes":["link"],"virtuals":["libc"]}},{"name":"gmake","hash":"6hpj7pjo4sieddk42osn4fqpknm2fjfc","parameters":{"deptypes":["build"],"virtuals":[]}},{"name":"intel-oneapi-runtime","hash":"4wub53nkq3lfy3qaqwmq6czuozvzf4if","parameters":{"deptypes":["link"],"virtuals":[]}},{"name":"libiconv","hash":"apt2r7ndbycgrzmfbtf3dd6nfvniyuuq","parameters":{"deptypes":["build","link"],"virtuals":["iconv"]}}],"hash":"mma3cjpisljtfacpza3yqiv3tqvahtzm"},"apt2r7ndbycgrzmfbtf3dd6nfvniyuuq":{"name":"libiconv","version":"1.17","arch":{"platform":"linux","platform_os":"sles15","target":{"name":"zen2","vendor":"AuthenticAMD","features":["abm","aes","avx","avx2","bmi1","bmi2","clflushopt","clwb","clzero","cx16","f16c","fma","fsgsbase","mmx","movbe","pclmulqdq","popcnt","rdseed","sse","sse2","sse4_1","sse4_2","sse4a","ssse3","xsavec","xsaveopt"],"generation":0,"parents":["zen"],"cpupart":""}},"compiler":{"name":"oneapi","version":"2024.2.1"},"namespace":"builtin","parameters":{"build_system":"autotools","libs":["shared","static"],"cflags":["--gcc-toolchain=/opt/cray/pe/gcc/12.1.0/snos/"],"cppflags":[],"cxxflags":["--gcc-toolchain=/opt/cray/pe/gcc/12.1.0/snos/"],"fflags":["-gcc-name=/opt/cray/pe/gcc/12.1.0/snos/bin/gcc","-gxx-name=/opt/cray/pe/gcc/12.1.0/snos/bin/g++"],"ldflags":[],"ldlibs":[]},"package_hash":"dr6ay26mzfjzu66ptu6574axnn5a6gaw7lryjcwxbfds4ljjz64a====","dependencies":[{"name":"glibc","hash":"yz65lqo47r4ajbqbkhqdxnncfmq4gkmx","parameters":{"deptypes":["link"],"virtuals":["libc"]}},{"name":"gmake","hash":"6hpj7pjo4sieddk42osn4fqpknm2fjfc","parameters":{"deptypes":["build"],"virtuals":[]}},{"name":"intel-oneapi-runtime","hash":"4wub53nkq3lfy3qaqwmq6czuozvzf4if","parameters":{"deptypes":["link"],"virtuals":[]}}],"hash":"apt2r7ndbycgrzmfbtf3dd6nfvniyuuq"},"7yhr4go3hhel4vum4uerfenjudbl4nlu":{"name":"gdbm","version":"1.23","arch":{"platform":"linux","platform_os":"sles15","target":{"name":"zen2","vendor":"AuthenticAMD","features":["abm","aes","avx","avx2","bmi1","bmi2","clflushopt","clwb","clzero","cx16","f16c","fma","fsgsbase","mmx","movbe","pclmulqdq","popcnt","rdseed","sse","sse2","sse4_1","sse4_2","sse4a","ssse3","xsavec","xsaveopt"],"generation":0,"parents":["zen"],"cpupart":""}},"compiler":{"name":"oneapi","version":"2024.2.1"},"namespace":"builtin","parameters":{"build_system":"autotools","cflags":["--gcc-toolchain=/opt/cray/pe/gcc/12.1.0/snos/"],"cppflags":[],"cxxflags":["--gcc-toolchain=/opt/cray/pe/gcc/12.1.0/snos/"],"fflags":["-gcc-name=/opt/cray/pe/gcc/12.1.0/snos/bin/gcc","-gxx-name=/opt/cray/pe/gcc/12.1.0/snos/bin/g++"],"ldflags":[],"ldlibs":[]},"package_hash":"liepxl6phlcxbgfmibxafhewtihlgaa4x3hko37ckqlafhxkrgdq====","dependencies":[{"name":"glibc","hash":"yz65lqo47r4ajbqbkhqdxnncfmq4gkmx","parameters":{"deptypes":["link"],"virtuals":["libc"]}},{"name":"gmake","hash":"6hpj7pjo4sieddk42osn4fqpknm2fjfc","parameters":{"deptypes":["build"],"virtuals":[]}},{"name":"intel-oneapi-runtime","hash":"4wub53nkq3lfy3qaqwmq6czuozvzf4if","parameters":{"deptypes":["link"],"virtuals":[]}},{"name":"readline","hash":"w77nsfyy5nipkwfgacbxp74kxqgayc5i","parameters":{"deptypes":["build","link"],"virtuals":[]}}],"hash":"7yhr4go3hhel4vum4uerfenjudbl4nlu"},"w77nsfyy5nipkwfgacbxp74kxqgayc5i":{"name":"readline","version":"8.2","arch":{"platform":"linux","platform_os":"sles15","target":{"name":"zen2","vendor":"AuthenticAMD","features":["abm","aes","avx","avx2","bmi1","bmi2","clflushopt","clwb","clzero","cx16","f16c","fma","fsgsbase","mmx","movbe","pclmulqdq","popcnt","rdseed","sse","sse2","sse4_1","sse4_2","sse4a","ssse3","xsavec","xsaveopt"],"generation":0,"parents":["zen"],"cpupart":""}},"compiler":{"name":"oneapi","version":"2024.2.1"},"namespace":"builtin","parameters":{"build_system":"autotools","patches":["bbf97f1ec40a929edab5aa81998c1e2ef435436c597754916e6a5868f273aff7"],"cflags":["--gcc-toolchain=/opt/cray/pe/gcc/12.1.0/snos/"],"cppflags":[],"cxxflags":["--gcc-toolchain=/opt/cray/pe/gcc/12.1.0/snos/"],"fflags":["-gcc-name=/opt/cray/pe/gcc/12.1.0/snos/bin/gcc","-gxx-name=/opt/cray/pe/gcc/12.1.0/snos/bin/g++"],"ldflags":[],"ldlibs":[]},"patches":["bbf97f1ec40a929edab5aa81998c1e2ef435436c597754916e6a5868f273aff7"],"package_hash":"oww6dmr7xqgg6j7iiluonxbcl4irqnnrip4vfkjdwujncwnuhwuq====","dependencies":[{"name":"glibc","hash":"yz65lqo47r4ajbqbkhqdxnncfmq4gkmx","parameters":{"deptypes":["link"],"virtuals":["libc"]}},{"name":"gmake","hash":"6hpj7pjo4sieddk42osn4fqpknm2fjfc","parameters":{"deptypes":["build"],"virtuals":[]}},{"name":"intel-oneapi-runtime","hash":"4wub53nkq3lfy3qaqwmq6czuozvzf4if","parameters":{"deptypes":["link"],"virtuals":[]}},{"name":"ncurses","hash":"ml7teorywsvs5xfqucepoum75utzjw67","parameters":{"deptypes":["build","link"],"virtuals":[]}}],"hash":"w77nsfyy5nipkwfgacbxp74kxqgayc5i"},"ml7teorywsvs5xfqucepoum75utzjw67":{"name":"ncurses","version":"6.5","arch":{"platform":"linux","platform_os":"sles15","target":{"name":"zen2","vendor":"AuthenticAMD","features":["abm","aes","avx","avx2","bmi1","bmi2","clflushopt","clwb","clzero","cx16","f16c","fma","fsgsbase","mmx","movbe","pclmulqdq","popcnt","rdseed","sse","sse2","sse4_1","sse4_2","sse4a","ssse3","xsavec","xsaveopt"],"generation":0,"parents":["zen"],"cpupart":""}},"compiler":{"name":"oneapi","version":"2024.2.1"},"namespace":"builtin","parameters":{"abi":"none","build_system":"autotools","patches":["7a351bc4953a4ab70dabdbea31c8db0c03d40ce505335f3b6687180dde24c535"],"symlinks":false,"termlib":true,"cflags":["--gcc-toolchain=/opt/cray/pe/gcc/12.1.0/snos/"],"cppflags":[],"cxxflags":["--gcc-toolchain=/opt/cray/pe/gcc/12.1.0/snos/"],"fflags":["-gcc-name=/opt/cray/pe/gcc/12.1.0/snos/bin/gcc","-gxx-name=/opt/cray/pe/gcc/12.1.0/snos/bin/g++"],"ldflags":[],"ldlibs":[]},"patches":["7a351bc4953a4ab70dabdbea31c8db0c03d40ce505335f3b6687180dde24c535"],"package_hash":"rlqzqxoau3wwzu62x6qxlf4flon6b4n3p4zesnc6t2oyybrvnkwq====","dependencies":[{"name":"glibc","hash":"yz65lqo47r4ajbqbkhqdxnncfmq4gkmx","parameters":{"deptypes":["link"],"virtuals":["libc"]}},{"name":"gmake","hash":"6hpj7pjo4sieddk42osn4fqpknm2fjfc","parameters":{"deptypes":["build"],"virtuals":[]}},{"name":"intel-oneapi-runtime","hash":"4wub53nkq3lfy3qaqwmq6czuozvzf4if","parameters":{"deptypes":["link"],"virtuals":[]}},{"name":"pkg-config","hash":"ey3qbgfbs5gjw5oserinykp2bkjmokqn","parameters":{"deptypes":["build"],"virtuals":["pkgconfig"]}}],"hash":"ml7teorywsvs5xfqucepoum75utzjw67"},"ey3qbgfbs5gjw5oserinykp2bkjmokqn":{"name":"pkg-config","version":"0.29.2","arch":{"platform":"linux","platform_os":"sles15","target":{"name":"zen2","vendor":"AuthenticAMD","features":["abm","aes","avx","avx2","bmi1","bmi2","clflushopt","clwb","clzero","cx16","f16c","fma","fsgsbase","mmx","movbe","pclmulqdq","popcnt","rdseed","sse","sse2","sse4_1","sse4_2","sse4a","ssse3","xsavec","xsaveopt"],"generation":0,"parents":["zen"],"cpupart":""}},"compiler":{"name":"oneapi","version":"2024.2.1"},"namespace":"builtin","parameters":{"build_system":"autotools","internal_glib":true,"cflags":["--gcc-toolchain=/opt/cray/pe/gcc/12.1.0/snos/"],"cppflags":[],"cxxflags":["--gcc-toolchain=/opt/cray/pe/gcc/12.1.0/snos/"],"fflags":["-gcc-name=/opt/cray/pe/gcc/12.1.0/snos/bin/gcc","-gxx-name=/opt/cray/pe/gcc/12.1.0/snos/bin/g++"],"ldflags":[],"ldlibs":[]},"package_hash":"emunazkaanfidlkyptp7wn2xne4lhollqxr6f5ziu74pfm7peona====","dependencies":[{"name":"glibc","hash":"yz65lqo47r4ajbqbkhqdxnncfmq4gkmx","parameters":{"deptypes":["link"],"virtuals":["libc"]}},{"name":"gmake","hash":"6hpj7pjo4sieddk42osn4fqpknm2fjfc","parameters":{"deptypes":["build"],"virtuals":[]}},{"name":"intel-oneapi-runtime","hash":"4wub53nkq3lfy3qaqwmq6czuozvzf4if","parameters":{"deptypes":["link"],"virtuals":[]}}],"hash":"ey3qbgfbs5gjw5oserinykp2bkjmokqn"},"x62qaua72gilkvwpolw5azexpkew7vnk":{"name":"zlib-ng","version":"2.2.1","arch":{"platform":"linux","platform_os":"sles15","target":{"name":"zen2","vendor":"AuthenticAMD","features":["abm","aes","avx","avx2","bmi1","bmi2","clflushopt","clwb","clzero","cx16","f16c","fma","fsgsbase","mmx","movbe","pclmulqdq","popcnt","rdseed","sse","sse2","sse4_1","sse4_2","sse4a","ssse3","xsavec","xsaveopt"],"generation":0,"parents":["zen"],"cpupart":""}},"compiler":{"name":"oneapi","version":"2024.2.1"},"namespace":"builtin","parameters":{"build_system":"autotools","compat":true,"new_strategies":false,"opt":true,"pic":true,"shared":true,"cflags":["--gcc-toolchain=/opt/cray/pe/gcc/12.1.0/snos/","-static-intel"],"cppflags":[],"cxxflags":["--gcc-toolchain=/opt/cray/pe/gcc/12.1.0/snos/","-static-intel"],"fflags":["-gcc-name=/opt/cray/pe/gcc/12.1.0/snos/bin/gcc","-gxx-name=/opt/cray/pe/gcc/12.1.0/snos/bin/g++"],"ldflags":[],"ldlibs":[]},"package_hash":"quz4bvg6rlq2dfiuiolv46jb4y5figqhm2e3ky26ogmduaabs23a====","dependencies":[{"name":"glibc","hash":"yz65lqo47r4ajbqbkhqdxnncfmq4gkmx","parameters":{"deptypes":["link"],"virtuals":["libc"]}},{"name":"gmake","hash":"6hpj7pjo4sieddk42osn4fqpknm2fjfc","parameters":{"deptypes":["build"],"virtuals":[]}},{"name":"intel-oneapi-runtime","hash":"4wub53nkq3lfy3qaqwmq6czuozvzf4if","parameters":{"deptypes":["link"],"virtuals":[]}}],"hash":"x62qaua72gilkvwpolw5azexpkew7vnk"},"xhbciaum2pesicowitjg2kp5m73xwq7z":{"name":"cray-mpich","version":"8.1.29","arch":{"platform":"linux","platform_os":"sles15","target":{"name":"zen2","vendor":"AuthenticAMD","features":["abm","aes","avx","avx2","bmi1","bmi2","clflushopt","clwb","clzero","cx16","f16c","fma","fsgsbase","mmx","movbe","pclmulqdq","popcnt","rdseed","sse","sse2","sse4_1","sse4_2","sse4a","ssse3","xsavec","xsaveopt"],"generation":0,"parents":["zen"],"cpupart":""}},"compiler":{"name":"oneapi","version":"2024.2.1"},"namespace":"builtin","parameters":{"build_system":"generic","wrappers":false,"cflags":["--gcc-toolchain=/opt/cray/pe/gcc/12.1.0/snos/"],"cppflags":[],"cxxflags":["--gcc-toolchain=/opt/cray/pe/gcc/12.1.0/snos/"],"fflags":["-gcc-name=/opt/cray/pe/gcc/12.1.0/snos/bin/gcc","-gxx-name=/opt/cray/pe/gcc/12.1.0/snos/bin/g++"],"ldflags":[],"ldlibs":[]},"external":{"path":"/opt/cray/pe/mpich/8.1.29/ofi/intel/2022.1","module":["libfabric","craype-network-ofi","cray-mpich/8.1.29","cray-pals"],"extra_attributes":{}},"package_hash":"zg54saxkwqnamgz7ylnzqmc4rnld6jmhpj7rg6uwz3j24hodz2ca====","hash":"xhbciaum2pesicowitjg2kp5m73xwq7z"}}}